// !$*UTF8*$!
{
	archiveVersion = 1;
	classes = {
	};
	objectVersion = 51;
	objects = {

/* Begin PBXBuildFile section */
		34A5FB6F266A15D4008F1889 /* SleepSetting.swift in Sources */ = {isa = PBXBuildFile; fileRef = 34A5FB6E266A15D4008F1889 /* SleepSetting.swift */; };
		34E02E5126581656001F770F /* HealthKit.framework in Frameworks */ = {isa = PBXBuildFile; fileRef = 34E02E5026581656001F770F /* HealthKit.framework */; };
		44AD879D493E335A4DA29D9B /* Pods_DreamDream.framework in Frameworks */ = {isa = PBXBuildFile; fileRef = CC8CC852324B3BE546D0CCFB /* Pods_DreamDream.framework */; };
		7F2A63CE26412C500074C9F8 /* ContentLibrary.storyboard in Resources */ = {isa = PBXBuildFile; fileRef = 7F2A63CD26412C500074C9F8 /* ContentLibrary.storyboard */; };
		7F2A63D926412D500074C9F8 /* SleepAnalysys.storyboard in Resources */ = {isa = PBXBuildFile; fileRef = 7F2A63D826412D500074C9F8 /* SleepAnalysys.storyboard */; };
		7F2A63DC26412D890074C9F8 /* SleepAnalysysViewController.swift in Sources */ = {isa = PBXBuildFile; fileRef = 7F2A63DB26412D890074C9F8 /* SleepAnalysysViewController.swift */; };
		7F2A63DF26412DEF0074C9F8 /* UserSetting.storyboard in Resources */ = {isa = PBXBuildFile; fileRef = 7F2A63DE26412DEF0074C9F8 /* UserSetting.storyboard */; };
		7F2A63E226412E2E0074C9F8 /* UserSettingViewController.swift in Sources */ = {isa = PBXBuildFile; fileRef = 7F2A63E126412E2E0074C9F8 /* UserSettingViewController.swift */; };
		7F94E777261EFE5F0006720B /* AppDelegate.swift in Sources */ = {isa = PBXBuildFile; fileRef = 7F94E776261EFE5F0006720B /* AppDelegate.swift */; };
		7F94E779261EFE5F0006720B /* SceneDelegate.swift in Sources */ = {isa = PBXBuildFile; fileRef = 7F94E778261EFE5F0006720B /* SceneDelegate.swift */; };
		7F94E77B261EFE5F0006720B /* InitialViewController.swift in Sources */ = {isa = PBXBuildFile; fileRef = 7F94E77A261EFE5F0006720B /* InitialViewController.swift */; };
		7F94E77E261EFE5F0006720B /* Main.storyboard in Resources */ = {isa = PBXBuildFile; fileRef = 7F94E77C261EFE5F0006720B /* Main.storyboard */; };
		7F94E780261EFE640006720B /* Assets.xcassets in Resources */ = {isa = PBXBuildFile; fileRef = 7F94E77F261EFE640006720B /* Assets.xcassets */; };
		7F94E783261EFE640006720B /* LaunchScreen.storyboard in Resources */ = {isa = PBXBuildFile; fileRef = 7F94E781261EFE640006720B /* LaunchScreen.storyboard */; };
		7F94E78D261F029C0006720B /* temp.swift in Sources */ = {isa = PBXBuildFile; fileRef = 7F94E78C261F029C0006720B /* temp.swift */; };
		7FAC7E80263BF202002C6922 /* README.md in Resources */ = {isa = PBXBuildFile; fileRef = 7FAC7E7F263BF202002C6922 /* README.md */; };
		EDAF902E2670AB2900996A40 /* VideoTableViewCell.swift in Sources */ = {isa = PBXBuildFile; fileRef = EDAF902D2670AB2900996A40 /* VideoTableViewCell.swift */; };
		EDAF90302670AB7600996A40 /* Video.swift in Sources */ = {isa = PBXBuildFile; fileRef = EDAF902F2670AB7600996A40 /* Video.swift */; };
		EDAF90362670AFC000996A40 /* VideoTableViewController.swift in Sources */ = {isa = PBXBuildFile; fileRef = EDAF90352670AFC000996A40 /* VideoTableViewController.swift */; };
/* End PBXBuildFile section */

/* Begin PBXFileReference section */
		34A5FB6E266A15D4008F1889 /* SleepSetting.swift */ = {isa = PBXFileReference; lastKnownFileType = sourcecode.swift; path = SleepSetting.swift; sourceTree = "<group>"; };
		34A5FB70266A209F008F1889 /* testPlayground.playground */ = {isa = PBXFileReference; lastKnownFileType = file.playground; path = testPlayground.playground; sourceTree = "<group>"; xcLanguageSpecificationIdentifier = xcode.lang.swift; };
		34E02E4E26581656001F770F /* DreamDream.entitlements */ = {isa = PBXFileReference; lastKnownFileType = text.plist.entitlements; path = DreamDream.entitlements; sourceTree = "<group>"; };
		34E02E5026581656001F770F /* HealthKit.framework */ = {isa = PBXFileReference; lastKnownFileType = wrapper.framework; name = HealthKit.framework; path = System/Library/Frameworks/HealthKit.framework; sourceTree = SDKROOT; };
		530B0C013549473B7B50BF1E /* Pods-DreamDream.release.xcconfig */ = {isa = PBXFileReference; includeInIndex = 1; lastKnownFileType = text.xcconfig; name = "Pods-DreamDream.release.xcconfig"; path = "Target Support Files/Pods-DreamDream/Pods-DreamDream.release.xcconfig"; sourceTree = "<group>"; };
		7F2A63CD26412C500074C9F8 /* ContentLibrary.storyboard */ = {isa = PBXFileReference; lastKnownFileType = file.storyboard; path = ContentLibrary.storyboard; sourceTree = "<group>"; };
		7F2A63D826412D500074C9F8 /* SleepAnalysys.storyboard */ = {isa = PBXFileReference; lastKnownFileType = file.storyboard; path = SleepAnalysys.storyboard; sourceTree = "<group>"; };
		7F2A63DB26412D890074C9F8 /* SleepAnalysysViewController.swift */ = {isa = PBXFileReference; lastKnownFileType = sourcecode.swift; path = SleepAnalysysViewController.swift; sourceTree = "<group>"; };
		7F2A63DE26412DEF0074C9F8 /* UserSetting.storyboard */ = {isa = PBXFileReference; lastKnownFileType = file.storyboard; path = UserSetting.storyboard; sourceTree = "<group>"; };
		7F2A63E126412E2E0074C9F8 /* UserSettingViewController.swift */ = {isa = PBXFileReference; lastKnownFileType = sourcecode.swift; path = UserSettingViewController.swift; sourceTree = "<group>"; };
		7F94E773261EFE5F0006720B /* DreamDream.app */ = {isa = PBXFileReference; explicitFileType = wrapper.application; includeInIndex = 0; path = DreamDream.app; sourceTree = BUILT_PRODUCTS_DIR; };
		7F94E776261EFE5F0006720B /* AppDelegate.swift */ = {isa = PBXFileReference; lastKnownFileType = sourcecode.swift; path = AppDelegate.swift; sourceTree = "<group>"; };
		7F94E778261EFE5F0006720B /* SceneDelegate.swift */ = {isa = PBXFileReference; lastKnownFileType = sourcecode.swift; path = SceneDelegate.swift; sourceTree = "<group>"; };
		7F94E77A261EFE5F0006720B /* InitialViewController.swift */ = {isa = PBXFileReference; lastKnownFileType = sourcecode.swift; path = InitialViewController.swift; sourceTree = "<group>"; };
		7F94E77D261EFE5F0006720B /* Base */ = {isa = PBXFileReference; lastKnownFileType = file.storyboard; name = Base; path = Base.lproj/Main.storyboard; sourceTree = "<group>"; };
		7F94E77F261EFE640006720B /* Assets.xcassets */ = {isa = PBXFileReference; lastKnownFileType = folder.assetcatalog; path = Assets.xcassets; sourceTree = "<group>"; };
		7F94E782261EFE640006720B /* Base */ = {isa = PBXFileReference; lastKnownFileType = file.storyboard; name = Base; path = Base.lproj/LaunchScreen.storyboard; sourceTree = "<group>"; };
		7F94E784261EFE640006720B /* Info.plist */ = {isa = PBXFileReference; lastKnownFileType = text.plist.xml; path = Info.plist; sourceTree = "<group>"; };
		7F94E78C261F029C0006720B /* temp.swift */ = {isa = PBXFileReference; lastKnownFileType = sourcecode.swift; path = temp.swift; sourceTree = "<group>"; };
		7FAC7E7F263BF202002C6922 /* README.md */ = {isa = PBXFileReference; fileEncoding = 4; lastKnownFileType = net.daringfireball.markdown; name = README.md; path = ../README.md; sourceTree = "<group>"; };
		C94156615697DF95FA62BDE0 /* Pods-DreamDream.debug.xcconfig */ = {isa = PBXFileReference; includeInIndex = 1; lastKnownFileType = text.xcconfig; name = "Pods-DreamDream.debug.xcconfig"; path = "Target Support Files/Pods-DreamDream/Pods-DreamDream.debug.xcconfig"; sourceTree = "<group>"; };
		CC8CC852324B3BE546D0CCFB /* Pods_DreamDream.framework */ = {isa = PBXFileReference; explicitFileType = wrapper.framework; includeInIndex = 0; path = Pods_DreamDream.framework; sourceTree = BUILT_PRODUCTS_DIR; };
		EDAF902D2670AB2900996A40 /* VideoTableViewCell.swift */ = {isa = PBXFileReference; lastKnownFileType = sourcecode.swift; path = VideoTableViewCell.swift; sourceTree = "<group>"; };
		EDAF902F2670AB7600996A40 /* Video.swift */ = {isa = PBXFileReference; lastKnownFileType = sourcecode.swift; path = Video.swift; sourceTree = "<group>"; };
		EDAF90352670AFC000996A40 /* VideoTableViewController.swift */ = {isa = PBXFileReference; lastKnownFileType = sourcecode.swift; path = VideoTableViewController.swift; sourceTree = "<group>"; };
/* End PBXFileReference section */

/* Begin PBXFrameworksBuildPhase section */
		7F94E770261EFE5F0006720B /* Frameworks */ = {
			isa = PBXFrameworksBuildPhase;
			buildActionMask = 2147483647;
			files = (
				34E02E5126581656001F770F /* HealthKit.framework in Frameworks */,
				44AD879D493E335A4DA29D9B /* Pods_DreamDream.framework in Frameworks */,
			);
			runOnlyForDeploymentPostprocessing = 0;
		};
/* End PBXFrameworksBuildPhase section */

/* Begin PBXGroup section */
		34E02E4F26581656001F770F /* Frameworks */ = {
			isa = PBXGroup;
			children = (
				34E02E5026581656001F770F /* HealthKit.framework */,
				CC8CC852324B3BE546D0CCFB /* Pods_DreamDream.framework */,
			);
			name = Frameworks;
			sourceTree = "<group>";
		};
		7BFFB86D53B73D2D67E40015 /* Pods */ = {
			isa = PBXGroup;
			children = (
				C94156615697DF95FA62BDE0 /* Pods-DreamDream.debug.xcconfig */,
				530B0C013549473B7B50BF1E /* Pods-DreamDream.release.xcconfig */,
			);
			path = Pods;
			sourceTree = "<group>";
		};
		7F94E76A261EFE5F0006720B = {
			isa = PBXGroup;
			children = (
				34E02E4E26581656001F770F /* DreamDream.entitlements */,
				7FAC7E7F263BF202002C6922 /* README.md */,
				7F94E775261EFE5F0006720B /* AppDevelopment */,
				7F94E774261EFE5F0006720B /* Products */,
				34E02E4F26581656001F770F /* Frameworks */,
				7BFFB86D53B73D2D67E40015 /* Pods */,
			);
			sourceTree = "<group>";
		};
		7F94E774261EFE5F0006720B /* Products */ = {
			isa = PBXGroup;
			children = (
				7F94E773261EFE5F0006720B /* DreamDream.app */,
			);
			name = Products;
			sourceTree = "<group>";
		};
		7F94E775261EFE5F0006720B /* AppDevelopment */ = {
			isa = PBXGroup;
			children = (
				7F94E776261EFE5F0006720B /* AppDelegate.swift */,
				7F94E778261EFE5F0006720B /* SceneDelegate.swift */,
				7F94E77A261EFE5F0006720B /* InitialViewController.swift */,
				7F94E78C261F029C0006720B /* temp.swift */,
				7F94E77C261EFE5F0006720B /* Main.storyboard */,
				34A5FB70266A209F008F1889 /* testPlayground.playground */,
				7F2A63DE26412DEF0074C9F8 /* UserSetting.storyboard */,
				7F2A63E126412E2E0074C9F8 /* UserSettingViewController.swift */,
				7F2A63D826412D500074C9F8 /* SleepAnalysys.storyboard */,
				34A5FB6E266A15D4008F1889 /* SleepSetting.swift */,
				7F2A63DB26412D890074C9F8 /* SleepAnalysysViewController.swift */,
				7F2A63CD26412C500074C9F8 /* ContentLibrary.storyboard */,
				7F94E77F261EFE640006720B /* Assets.xcassets */,
				7F94E781261EFE640006720B /* LaunchScreen.storyboard */,
				7F94E784261EFE640006720B /* Info.plist */,
				EDAF902D2670AB2900996A40 /* VideoTableViewCell.swift */,
				EDAF902F2670AB7600996A40 /* Video.swift */,
				EDAF90352670AFC000996A40 /* VideoTableViewController.swift */,
			);
			path = AppDevelopment;
			sourceTree = "<group>";
		};
/* End PBXGroup section */

/* Begin PBXNativeTarget section */
		7F94E772261EFE5F0006720B /* DreamDream */ = {
			isa = PBXNativeTarget;
			buildConfigurationList = 7F94E787261EFE640006720B /* Build configuration list for PBXNativeTarget "DreamDream" */;
			buildPhases = (
				F6D6B4A30C011685845C4FF7 /* [CP] Check Pods Manifest.lock */,
				7F94E76F261EFE5F0006720B /* Sources */,
				7F94E770261EFE5F0006720B /* Frameworks */,
				7F94E771261EFE5F0006720B /* Resources */,
				2BC9B4E9A0566441996B9377 /* [CP] Embed Pods Frameworks */,
			);
			buildRules = (
			);
			dependencies = (
			);
			name = DreamDream;
			productName = DreamDream;
			productReference = 7F94E773261EFE5F0006720B /* DreamDream.app */;
			productType = "com.apple.product-type.application";
		};
/* End PBXNativeTarget section */

/* Begin PBXProject section */
		7F94E76B261EFE5F0006720B /* Project object */ = {
			isa = PBXProject;
			attributes = {
				LastSwiftUpdateCheck = 1240;
				LastUpgradeCheck = 1240;
				TargetAttributes = {
					7F94E772261EFE5F0006720B = {
						CreatedOnToolsVersion = 12.4;
					};
				};
			};
			buildConfigurationList = 7F94E76E261EFE5F0006720B /* Build configuration list for PBXProject "DreamDream" */;
			compatibilityVersion = "Xcode 9.3";
			developmentRegion = en;
			hasScannedForEncodings = 0;
			knownRegions = (
				en,
				Base,
			);
			mainGroup = 7F94E76A261EFE5F0006720B;
			productRefGroup = 7F94E774261EFE5F0006720B /* Products */;
			projectDirPath = "";
			projectRoot = "";
			targets = (
				7F94E772261EFE5F0006720B /* DreamDream */,
			);
		};
/* End PBXProject section */

/* Begin PBXResourcesBuildPhase section */
		7F94E771261EFE5F0006720B /* Resources */ = {
			isa = PBXResourcesBuildPhase;
			buildActionMask = 2147483647;
			files = (
				7F2A63CE26412C500074C9F8 /* ContentLibrary.storyboard in Resources */,
				7F2A63DF26412DEF0074C9F8 /* UserSetting.storyboard in Resources */,
				7F94E783261EFE640006720B /* LaunchScreen.storyboard in Resources */,
				7F94E780261EFE640006720B /* Assets.xcassets in Resources */,
				7F2A63D926412D500074C9F8 /* SleepAnalysys.storyboard in Resources */,
				7FAC7E80263BF202002C6922 /* README.md in Resources */,
				7F94E77E261EFE5F0006720B /* Main.storyboard in Resources */,
			);
			runOnlyForDeploymentPostprocessing = 0;
		};
/* End PBXResourcesBuildPhase section */

/* Begin PBXShellScriptBuildPhase section */
		2BC9B4E9A0566441996B9377 /* [CP] Embed Pods Frameworks */ = {
			isa = PBXShellScriptBuildPhase;
			buildActionMask = 2147483647;
			files = (
			);
			inputFileListPaths = (
				"${PODS_ROOT}/Target Support Files/Pods-DreamDream/Pods-DreamDream-frameworks-${CONFIGURATION}-input-files.xcfilelist",
			);
			name = "[CP] Embed Pods Frameworks";
			outputFileListPaths = (
				"${PODS_ROOT}/Target Support Files/Pods-DreamDream/Pods-DreamDream-frameworks-${CONFIGURATION}-output-files.xcfilelist",
			);
			runOnlyForDeploymentPostprocessing = 0;
			shellPath = /bin/sh;
			shellScript = "\"${PODS_ROOT}/Target Support Files/Pods-DreamDream/Pods-DreamDream-frameworks.sh\"\n";
			showEnvVarsInLog = 0;
		};
		F6D6B4A30C011685845C4FF7 /* [CP] Check Pods Manifest.lock */ = {
			isa = PBXShellScriptBuildPhase;
			buildActionMask = 2147483647;
			files = (
			);
			inputFileListPaths = (
			);
			inputPaths = (
				"${PODS_PODFILE_DIR_PATH}/Podfile.lock",
				"${PODS_ROOT}/Manifest.lock",
			);
			name = "[CP] Check Pods Manifest.lock";
			outputFileListPaths = (
			);
			outputPaths = (
				"$(DERIVED_FILE_DIR)/Pods-DreamDream-checkManifestLockResult.txt",
			);
			runOnlyForDeploymentPostprocessing = 0;
			shellPath = /bin/sh;
			shellScript = "diff \"${PODS_PODFILE_DIR_PATH}/Podfile.lock\" \"${PODS_ROOT}/Manifest.lock\" > /dev/null\nif [ $? != 0 ] ; then\n    # print error to STDERR\n    echo \"error: The sandbox is not in sync with the Podfile.lock. Run 'pod install' or update your CocoaPods installation.\" >&2\n    exit 1\nfi\n# This output is used by Xcode 'outputs' to avoid re-running this script phase.\necho \"SUCCESS\" > \"${SCRIPT_OUTPUT_FILE_0}\"\n";
			showEnvVarsInLog = 0;
		};
/* End PBXShellScriptBuildPhase section */

/* Begin PBXSourcesBuildPhase section */
		7F94E76F261EFE5F0006720B /* Sources */ = {
			isa = PBXSourcesBuildPhase;
			buildActionMask = 2147483647;
			files = (
				EDAF90362670AFC000996A40 /* VideoTableViewController.swift in Sources */,
				7F2A63DC26412D890074C9F8 /* SleepAnalysysViewController.swift in Sources */,
				7F94E77B261EFE5F0006720B /* InitialViewController.swift in Sources */,
				7F94E777261EFE5F0006720B /* AppDelegate.swift in Sources */,
				7F94E779261EFE5F0006720B /* SceneDelegate.swift in Sources */,
				34A5FB6F266A15D4008F1889 /* SleepSetting.swift in Sources */,
				7F2A63E226412E2E0074C9F8 /* UserSettingViewController.swift in Sources */,
				7F94E78D261F029C0006720B /* temp.swift in Sources */,
				EDAF902E2670AB2900996A40 /* VideoTableViewCell.swift in Sources */,
				EDAF90302670AB7600996A40 /* Video.swift in Sources */,
			);
			runOnlyForDeploymentPostprocessing = 0;
		};
/* End PBXSourcesBuildPhase section */

/* Begin PBXVariantGroup section */
		7F94E77C261EFE5F0006720B /* Main.storyboard */ = {
			isa = PBXVariantGroup;
			children = (
				7F94E77D261EFE5F0006720B /* Base */,
			);
			name = Main.storyboard;
			sourceTree = "<group>";
		};
		7F94E781261EFE640006720B /* LaunchScreen.storyboard */ = {
			isa = PBXVariantGroup;
			children = (
				7F94E782261EFE640006720B /* Base */,
			);
			name = LaunchScreen.storyboard;
			sourceTree = "<group>";
		};
/* End PBXVariantGroup section */

/* Begin XCBuildConfiguration section */
		7F94E785261EFE640006720B /* Debug */ = {
			isa = XCBuildConfiguration;
			buildSettings = {
				ALWAYS_SEARCH_USER_PATHS = NO;
				CLANG_ANALYZER_NONNULL = YES;
				CLANG_ANALYZER_NUMBER_OBJECT_CONVERSION = YES_AGGRESSIVE;
				CLANG_CXX_LANGUAGE_STANDARD = "gnu++14";
				CLANG_CXX_LIBRARY = "libc++";
				CLANG_ENABLE_MODULES = YES;
				CLANG_ENABLE_OBJC_ARC = YES;
				CLANG_ENABLE_OBJC_WEAK = YES;
				CLANG_WARN_BLOCK_CAPTURE_AUTORELEASING = YES;
				CLANG_WARN_BOOL_CONVERSION = YES;
				CLANG_WARN_COMMA = YES;
				CLANG_WARN_CONSTANT_CONVERSION = YES;
				CLANG_WARN_DEPRECATED_OBJC_IMPLEMENTATIONS = YES;
				CLANG_WARN_DIRECT_OBJC_ISA_USAGE = YES_ERROR;
				CLANG_WARN_DOCUMENTATION_COMMENTS = YES;
				CLANG_WARN_EMPTY_BODY = YES;
				CLANG_WARN_ENUM_CONVERSION = YES;
				CLANG_WARN_INFINITE_RECURSION = YES;
				CLANG_WARN_INT_CONVERSION = YES;
				CLANG_WARN_NON_LITERAL_NULL_CONVERSION = YES;
				CLANG_WARN_OBJC_IMPLICIT_RETAIN_SELF = YES;
				CLANG_WARN_OBJC_LITERAL_CONVERSION = YES;
				CLANG_WARN_OBJC_ROOT_CLASS = YES_ERROR;
				CLANG_WARN_QUOTED_INCLUDE_IN_FRAMEWORK_HEADER = YES;
				CLANG_WARN_RANGE_LOOP_ANALYSIS = YES;
				CLANG_WARN_STRICT_PROTOTYPES = YES;
				CLANG_WARN_SUSPICIOUS_MOVE = YES;
				CLANG_WARN_UNGUARDED_AVAILABILITY = YES_AGGRESSIVE;
				CLANG_WARN_UNREACHABLE_CODE = YES;
				CLANG_WARN__DUPLICATE_METHOD_MATCH = YES;
				COPY_PHASE_STRIP = NO;
				DEBUG_INFORMATION_FORMAT = dwarf;
				ENABLE_STRICT_OBJC_MSGSEND = YES;
				ENABLE_TESTABILITY = YES;
				GCC_C_LANGUAGE_STANDARD = gnu11;
				GCC_DYNAMIC_NO_PIC = NO;
				GCC_NO_COMMON_BLOCKS = YES;
				GCC_OPTIMIZATION_LEVEL = 0;
				GCC_PREPROCESSOR_DEFINITIONS = (
					"DEBUG=1",
					"$(inherited)",
				);
				GCC_WARN_64_TO_32_BIT_CONVERSION = YES;
				GCC_WARN_ABOUT_RETURN_TYPE = YES_ERROR;
				GCC_WARN_UNDECLARED_SELECTOR = YES;
				GCC_WARN_UNINITIALIZED_AUTOS = YES_AGGRESSIVE;
				GCC_WARN_UNUSED_FUNCTION = YES;
				GCC_WARN_UNUSED_VARIABLE = YES;
				IPHONEOS_DEPLOYMENT_TARGET = 14.4;
				MTL_ENABLE_DEBUG_INFO = INCLUDE_SOURCE;
				MTL_FAST_MATH = YES;
				ONLY_ACTIVE_ARCH = YES;
				SDKROOT = iphoneos;
				SWIFT_ACTIVE_COMPILATION_CONDITIONS = DEBUG;
				SWIFT_OPTIMIZATION_LEVEL = "-Onone";
			};
			name = Debug;
		};
		7F94E786261EFE640006720B /* Release */ = {
			isa = XCBuildConfiguration;
			buildSettings = {
				ALWAYS_SEARCH_USER_PATHS = NO;
				CLANG_ANALYZER_NONNULL = YES;
				CLANG_ANALYZER_NUMBER_OBJECT_CONVERSION = YES_AGGRESSIVE;
				CLANG_CXX_LANGUAGE_STANDARD = "gnu++14";
				CLANG_CXX_LIBRARY = "libc++";
				CLANG_ENABLE_MODULES = YES;
				CLANG_ENABLE_OBJC_ARC = YES;
				CLANG_ENABLE_OBJC_WEAK = YES;
				CLANG_WARN_BLOCK_CAPTURE_AUTORELEASING = YES;
				CLANG_WARN_BOOL_CONVERSION = YES;
				CLANG_WARN_COMMA = YES;
				CLANG_WARN_CONSTANT_CONVERSION = YES;
				CLANG_WARN_DEPRECATED_OBJC_IMPLEMENTATIONS = YES;
				CLANG_WARN_DIRECT_OBJC_ISA_USAGE = YES_ERROR;
				CLANG_WARN_DOCUMENTATION_COMMENTS = YES;
				CLANG_WARN_EMPTY_BODY = YES;
				CLANG_WARN_ENUM_CONVERSION = YES;
				CLANG_WARN_INFINITE_RECURSION = YES;
				CLANG_WARN_INT_CONVERSION = YES;
				CLANG_WARN_NON_LITERAL_NULL_CONVERSION = YES;
				CLANG_WARN_OBJC_IMPLICIT_RETAIN_SELF = YES;
				CLANG_WARN_OBJC_LITERAL_CONVERSION = YES;
				CLANG_WARN_OBJC_ROOT_CLASS = YES_ERROR;
				CLANG_WARN_QUOTED_INCLUDE_IN_FRAMEWORK_HEADER = YES;
				CLANG_WARN_RANGE_LOOP_ANALYSIS = YES;
				CLANG_WARN_STRICT_PROTOTYPES = YES;
				CLANG_WARN_SUSPICIOUS_MOVE = YES;
				CLANG_WARN_UNGUARDED_AVAILABILITY = YES_AGGRESSIVE;
				CLANG_WARN_UNREACHABLE_CODE = YES;
				CLANG_WARN__DUPLICATE_METHOD_MATCH = YES;
				COPY_PHASE_STRIP = NO;
				DEBUG_INFORMATION_FORMAT = "dwarf-with-dsym";
				ENABLE_NS_ASSERTIONS = NO;
				ENABLE_STRICT_OBJC_MSGSEND = YES;
				GCC_C_LANGUAGE_STANDARD = gnu11;
				GCC_NO_COMMON_BLOCKS = YES;
				GCC_WARN_64_TO_32_BIT_CONVERSION = YES;
				GCC_WARN_ABOUT_RETURN_TYPE = YES_ERROR;
				GCC_WARN_UNDECLARED_SELECTOR = YES;
				GCC_WARN_UNINITIALIZED_AUTOS = YES_AGGRESSIVE;
				GCC_WARN_UNUSED_FUNCTION = YES;
				GCC_WARN_UNUSED_VARIABLE = YES;
				IPHONEOS_DEPLOYMENT_TARGET = 14.4;
				MTL_ENABLE_DEBUG_INFO = NO;
				MTL_FAST_MATH = YES;
				SDKROOT = iphoneos;
				SWIFT_COMPILATION_MODE = wholemodule;
				SWIFT_OPTIMIZATION_LEVEL = "-O";
				VALIDATE_PRODUCT = YES;
			};
			name = Release;
		};
		7F94E788261EFE640006720B /* Debug */ = {
			isa = XCBuildConfiguration;
			baseConfigurationReference = C94156615697DF95FA62BDE0 /* Pods-DreamDream.debug.xcconfig */;
			buildSettings = {
				ASSETCATALOG_COMPILER_APPICON_NAME = AppIcon;
				ASSETCATALOG_COMPILER_GLOBAL_ACCENT_COLOR_NAME = AccentColor;
				CODE_SIGN_ENTITLEMENTS = DreamDream.entitlements;
				CODE_SIGN_STYLE = Automatic;
				INFOPLIST_FILE = AppDevelopment/Info.plist;
				LD_RUNPATH_SEARCH_PATHS = (
					"$(inherited)",
					"@executable_path/Frameworks",
				);
				PRODUCT_BUNDLE_IDENTIFIER = Tokki.DreamDream;
				PRODUCT_NAME = "$(TARGET_NAME)";
				SWIFT_VERSION = 5.0;
				TARGETED_DEVICE_FAMILY = "1,2";
			};
			name = Debug;
		};
		7F94E789261EFE640006720B /* Release */ = {
			isa = XCBuildConfiguration;
			baseConfigurationReference = 530B0C013549473B7B50BF1E /* Pods-DreamDream.release.xcconfig */;
			buildSettings = {
				ASSETCATALOG_COMPILER_APPICON_NAME = AppIcon;
				ASSETCATALOG_COMPILER_GLOBAL_ACCENT_COLOR_NAME = AccentColor;
				CODE_SIGN_ENTITLEMENTS = DreamDream.entitlements;
				CODE_SIGN_STYLE = Automatic;
				INFOPLIST_FILE = AppDevelopment/Info.plist;
				LD_RUNPATH_SEARCH_PATHS = (
					"$(inherited)",
					"@executable_path/Frameworks",
				);
				PRODUCT_BUNDLE_IDENTIFIER = Tokki.DreamDream;
				PRODUCT_NAME = "$(TARGET_NAME)";
				SWIFT_VERSION = 5.0;
				TARGETED_DEVICE_FAMILY = "1,2";
			};
			name = Release;
		};
/* End XCBuildConfiguration section */

/* Begin XCConfigurationList section */
		7F94E76E261EFE5F0006720B /* Build configuration list for PBXProject "DreamDream" */ = {
			isa = XCConfigurationList;
			buildConfigurations = (
				7F94E785261EFE640006720B /* Debug */,
				7F94E786261EFE640006720B /* Release */,
			);
			defaultConfigurationIsVisible = 0;
			defaultConfigurationName = Release;
		};
		7F94E787261EFE640006720B /* Build configuration list for PBXNativeTarget "DreamDream" */ = {
			isa = XCConfigurationList;
			buildConfigurations = (
				7F94E788261EFE640006720B /* Debug */,
				7F94E789261EFE640006720B /* Release */,
			);
			defaultConfigurationIsVisible = 0;
			defaultConfigurationName = Release;
		};
/* End XCConfigurationList section */
	};
	rootObject = 7F94E76B261EFE5F0006720B /* Project object */;
}
