// !$*UTF8*$!
{
	archiveVersion = 1;
	classes = {
	};
	objectVersion = 50;
	objects = {

/* Begin PBXBuildFile section */
		ED474EA22630CA3A00FA699E /* AppDelegate.swift in Sources */ = {isa = PBXBuildFile; fileRef = ED474EA12630CA3A00FA699E /* AppDelegate.swift */; };
		ED474EA42630CA3A00FA699E /* SceneDelegate.swift in Sources */ = {isa = PBXBuildFile; fileRef = ED474EA32630CA3A00FA699E /* SceneDelegate.swift */; };
		ED474EA62630CA3A00FA699E /* ViewController.swift in Sources */ = {isa = PBXBuildFile; fileRef = ED474EA52630CA3A00FA699E /* ViewController.swift */; };
		ED474EA92630CA3A00FA699E /* Main.storyboard in Resources */ = {isa = PBXBuildFile; fileRef = ED474EA72630CA3A00FA699E /* Main.storyboard */; };
		ED474EAB2630CA3D00FA699E /* Assets.xcassets in Resources */ = {isa = PBXBuildFile; fileRef = ED474EAA2630CA3D00FA699E /* Assets.xcassets */; };
		ED474EAE2630CA3D00FA699E /* LaunchScreen.storyboard in Resources */ = {isa = PBXBuildFile; fileRef = ED474EAC2630CA3D00FA699E /* LaunchScreen.storyboard */; };
/* End PBXBuildFile section */

/* Begin PBXFileReference section */
		ED474E9E2630CA3A00FA699E /* Toy_AppDevPart1.app */ = {isa = PBXFileReference; explicitFileType = wrapper.application; includeInIndex = 0; path = Toy_AppDevPart1.app; sourceTree = BUILT_PRODUCTS_DIR; };
		ED474EA12630CA3A00FA699E /* AppDelegate.swift */ = {isa = PBXFileReference; lastKnownFileType = sourcecode.swift; path = AppDelegate.swift; sourceTree = "<group>"; };
		ED474EA32630CA3A00FA699E /* SceneDelegate.swift */ = {isa = PBXFileReference; lastKnownFileType = sourcecode.swift; path = SceneDelegate.swift; sourceTree = "<group>"; };
		ED474EA52630CA3A00FA699E /* ViewController.swift */ = {isa = PBXFileReference; lastKnownFileType = sourcecode.swift; path = ViewController.swift; sourceTree = "<group>"; };
		ED474EA82630CA3A00FA699E /* Base */ = {isa = PBXFileReference; lastKnownFileType = file.storyboard; name = Base; path = Base.lproj/Main.storyboard; sourceTree = "<group>"; };
		ED474EAA2630CA3D00FA699E /* Assets.xcassets */ = {isa = PBXFileReference; lastKnownFileType = folder.assetcatalog; path = Assets.xcassets; sourceTree = "<group>"; };
		ED474EAD2630CA3D00FA699E /* Base */ = {isa = PBXFileReference; lastKnownFileType = file.storyboard; name = Base; path = Base.lproj/LaunchScreen.storyboard; sourceTree = "<group>"; };
		ED474EAF2630CA3D00FA699E /* Info.plist */ = {isa = PBXFileReference; lastKnownFileType = text.plist.xml; path = Info.plist; sourceTree = "<group>"; };
/* End PBXFileReference section */

/* Begin PBXFrameworksBuildPhase section */
		ED474E9B2630CA3A00FA699E /* Frameworks */ = {
			isa = PBXFrameworksBuildPhase;
			buildActionMask = 2147483647;
			files = (
			);
			runOnlyForDeploymentPostprocessing = 0;
		};
/* End PBXFrameworksBuildPhase section */

/* Begin PBXGroup section */
		ED474E952630CA3A00FA699E = {
			isa = PBXGroup;
			children = (
				ED474EA02630CA3A00FA699E /* Toy_AppDevPart1 */,
				ED474E9F2630CA3A00FA699E /* Products */,
			);
			sourceTree = "<group>";
		};
		ED474E9F2630CA3A00FA699E /* Products */ = {
			isa = PBXGroup;
			children = (
				ED474E9E2630CA3A00FA699E /* Toy_AppDevPart1.app */,
			);
			name = Products;
			sourceTree = "<group>";
		};
		ED474EA02630CA3A00FA699E /* Toy_AppDevPart1 */ = {
			isa = PBXGroup;
			children = (
				ED474EA12630CA3A00FA699E /* AppDelegate.swift */,
				ED474EA32630CA3A00FA699E /* SceneDelegate.swift */,
				ED474EA52630CA3A00FA699E /* ViewController.swift */,
				ED474EA72630CA3A00FA699E /* Main.storyboard */,
				ED474EAA2630CA3D00FA699E /* Assets.xcassets */,
				ED474EAC2630CA3D00FA699E /* LaunchScreen.storyboard */,
				ED474EAF2630CA3D00FA699E /* Info.plist */,
			);
			path = Toy_AppDevPart1;
			sourceTree = "<group>";
		};
/* End PBXGroup section */

/* Begin PBXNativeTarget section */
		ED474E9D2630CA3A00FA699E /* Toy_AppDevPart1 */ = {
			isa = PBXNativeTarget;
			buildConfigurationList = ED474EB22630CA3D00FA699E /* Build configuration list for PBXNativeTarget "Toy_AppDevPart1" */;
			buildPhases = (
				ED474E9A2630CA3A00FA699E /* Sources */,
				ED474E9B2630CA3A00FA699E /* Frameworks */,
				ED474E9C2630CA3A00FA699E /* Resources */,
			);
			buildRules = (
			);
			dependencies = (
			);
			name = Toy_AppDevPart1;
			productName = Toy_AppDevPart1;
			productReference = ED474E9E2630CA3A00FA699E /* Toy_AppDevPart1.app */;
			productType = "com.apple.product-type.application";
		};
/* End PBXNativeTarget section */

/* Begin PBXProject section */
		ED474E962630CA3A00FA699E /* Project object */ = {
			isa = PBXProject;
			attributes = {
				LastSwiftUpdateCheck = 1240;
				LastUpgradeCheck = 1240;
				TargetAttributes = {
					ED474E9D2630CA3A00FA699E = {
						CreatedOnToolsVersion = 12.4;
					};
				};
			};
			buildConfigurationList = ED474E992630CA3A00FA699E /* Build configuration list for PBXProject "Toy_AppDevPart1" */;
			compatibilityVersion = "Xcode 9.3";
			developmentRegion = en;
			hasScannedForEncodings = 0;
			knownRegions = (
				en,
				Base,
			);
			mainGroup = ED474E952630CA3A00FA699E;
			productRefGroup = ED474E9F2630CA3A00FA699E /* Products */;
			projectDirPath = "";
			projectRoot = "";
			targets = (
				ED474E9D2630CA3A00FA699E /* Toy_AppDevPart1 */,
			);
		};
/* End PBXProject section */

/* Begin PBXResourcesBuildPhase section */
		ED474E9C2630CA3A00FA699E /* Resources */ = {
			isa = PBXResourcesBuildPhase;
			buildActionMask = 2147483647;
			files = (
				ED474EAE2630CA3D00FA699E /* LaunchScreen.storyboard in Resources */,
				ED474EAB2630CA3D00FA699E /* Assets.xcassets in Resources */,
				ED474EA92630CA3A00FA699E /* Main.storyboard in Resources */,
			);
			runOnlyForDeploymentPostprocessing = 0;
		};
/* End PBXResourcesBuildPhase section */

/* Begin PBXSourcesBuildPhase section */
		ED474E9A2630CA3A00FA699E /* Sources */ = {
			isa = PBXSourcesBuildPhase;
			buildActionMask = 2147483647;
			files = (
				ED474EA62630CA3A00FA699E /* ViewController.swift in Sources */,
				ED474EA22630CA3A00FA699E /* AppDelegate.swift in Sources */,
				ED474EA42630CA3A00FA699E /* SceneDelegate.swift in Sources */,
			);
			runOnlyForDeploymentPostprocessing = 0;
		};
/* End PBXSourcesBuildPhase section */

/* Begin PBXVariantGroup section */
		ED474EA72630CA3A00FA699E /* Main.storyboard */ = {
			isa = PBXVariantGroup;
			children = (
				ED474EA82630CA3A00FA699E /* Base */,
			);
			name = Main.storyboard;
			sourceTree = "<group>";
		};
		ED474EAC2630CA3D00FA699E /* LaunchScreen.storyboard */ = {
			isa = PBXVariantGroup;
			children = (
				ED474EAD2630CA3D00FA699E /* Base */,
			);
			name = LaunchScreen.storyboard;
			sourceTree = "<group>";
		};
/* End PBXVariantGroup section */

/* Begin XCBuildConfiguration section */
		ED474EB02630CA3D00FA699E /* Debug */ = {
			isa = XCBuildConfiguration;
			buildSettings = {
				ALWAYS_SEARCH_USER_PATHS = NO;
				CLANG_ANALYZER_NONNULL = YES;
				CLANG_ANALYZER_NUMBER_OBJECT_CONVERSION = YES_AGGRESSIVE;
				CLANG_CXX_LANGUAGE_STANDARD = "gnu++14";
				CLANG_CXX_LIBRARY = "libc++";
				CLANG_ENABLE_MODULES = YES;
				CLANG_ENABLE_OBJC_ARC = YES;
				CLANG_ENABLE_OBJC_WEAK = YES;
				CLANG_WARN_BLOCK_CAPTURE_AUTORELEASING = YES;
				CLANG_WARN_BOOL_CONVERSION = YES;
				CLANG_WARN_COMMA = YES;
				CLANG_WARN_CONSTANT_CONVERSION = YES;
				CLANG_WARN_DEPRECATED_OBJC_IMPLEMENTATIONS = YES;
				CLANG_WARN_DIRECT_OBJC_ISA_USAGE = YES_ERROR;
				CLANG_WARN_DOCUMENTATION_COMMENTS = YES;
				CLANG_WARN_EMPTY_BODY = YES;
				CLANG_WARN_ENUM_CONVERSION = YES;
				CLANG_WARN_INFINITE_RECURSION = YES;
				CLANG_WARN_INT_CONVERSION = YES;
				CLANG_WARN_NON_LITERAL_NULL_CONVERSION = YES;
				CLANG_WARN_OBJC_IMPLICIT_RETAIN_SELF = YES;
				CLANG_WARN_OBJC_LITERAL_CONVERSION = YES;
				CLANG_WARN_OBJC_ROOT_CLASS = YES_ERROR;
				CLANG_WARN_QUOTED_INCLUDE_IN_FRAMEWORK_HEADER = YES;
				CLANG_WARN_RANGE_LOOP_ANALYSIS = YES;
				CLANG_WARN_STRICT_PROTOTYPES = YES;
				CLANG_WARN_SUSPICIOUS_MOVE = YES;
				CLANG_WARN_UNGUARDED_AVAILABILITY = YES_AGGRESSIVE;
				CLANG_WARN_UNREACHABLE_CODE = YES;
				CLANG_WARN__DUPLICATE_METHOD_MATCH = YES;
				COPY_PHASE_STRIP = NO;
				DEBUG_INFORMATION_FORMAT = dwarf;
				ENABLE_STRICT_OBJC_MSGSEND = YES;
				ENABLE_TESTABILITY = YES;
				GCC_C_LANGUAGE_STANDARD = gnu11;
				GCC_DYNAMIC_NO_PIC = NO;
				GCC_NO_COMMON_BLOCKS = YES;
				GCC_OPTIMIZATION_LEVEL = 0;
				GCC_PREPROCESSOR_DEFINITIONS = (
					"DEBUG=1",
					"$(inherited)",
				);
				GCC_WARN_64_TO_32_BIT_CONVERSION = YES;
				GCC_WARN_ABOUT_RETURN_TYPE = YES_ERROR;
				GCC_WARN_UNDECLARED_SELECTOR = YES;
				GCC_WARN_UNINITIALIZED_AUTOS = YES_AGGRESSIVE;
				GCC_WARN_UNUSED_FUNCTION = YES;
				GCC_WARN_UNUSED_VARIABLE = YES;
				IPHONEOS_DEPLOYMENT_TARGET = 14.4;
				MTL_ENABLE_DEBUG_INFO = INCLUDE_SOURCE;
				MTL_FAST_MATH = YES;
				ONLY_ACTIVE_ARCH = YES;
				SDKROOT = iphoneos;
				SWIFT_ACTIVE_COMPILATION_CONDITIONS = DEBUG;
				SWIFT_OPTIMIZATION_LEVEL = "-Onone";
			};
			name = Debug;
		};
		ED474EB12630CA3D00FA699E /* Release */ = {
			isa = XCBuildConfiguration;
			buildSettings = {
				ALWAYS_SEARCH_USER_PATHS = NO;
				CLANG_ANALYZER_NONNULL = YES;
				CLANG_ANALYZER_NUMBER_OBJECT_CONVERSION = YES_AGGRESSIVE;
				CLANG_CXX_LANGUAGE_STANDARD = "gnu++14";
				CLANG_CXX_LIBRARY = "libc++";
				CLANG_ENABLE_MODULES = YES;
				CLANG_ENABLE_OBJC_ARC = YES;
				CLANG_ENABLE_OBJC_WEAK = YES;
				CLANG_WARN_BLOCK_CAPTURE_AUTORELEASING = YES;
				CLANG_WARN_BOOL_CONVERSION = YES;
				CLANG_WARN_COMMA = YES;
				CLANG_WARN_CONSTANT_CONVERSION = YES;
				CLANG_WARN_DEPRECATED_OBJC_IMPLEMENTATIONS = YES;
				CLANG_WARN_DIRECT_OBJC_ISA_USAGE = YES_ERROR;
				CLANG_WARN_DOCUMENTATION_COMMENTS = YES;
				CLANG_WARN_EMPTY_BODY = YES;
				CLANG_WARN_ENUM_CONVERSION = YES;
				CLANG_WARN_INFINITE_RECURSION = YES;
				CLANG_WARN_INT_CONVERSION = YES;
				CLANG_WARN_NON_LITERAL_NULL_CONVERSION = YES;
				CLANG_WARN_OBJC_IMPLICIT_RETAIN_SELF = YES;
				CLANG_WARN_OBJC_LITERAL_CONVERSION = YES;
				CLANG_WARN_OBJC_ROOT_CLASS = YES_ERROR;
				CLANG_WARN_QUOTED_INCLUDE_IN_FRAMEWORK_HEADER = YES;
				CLANG_WARN_RANGE_LOOP_ANALYSIS = YES;
				CLANG_WARN_STRICT_PROTOTYPES = YES;
				CLANG_WARN_SUSPICIOUS_MOVE = YES;
				CLANG_WARN_UNGUARDED_AVAILABILITY = YES_AGGRESSIVE;
				CLANG_WARN_UNREACHABLE_CODE = YES;
				CLANG_WARN__DUPLICATE_METHOD_MATCH = YES;
				COPY_PHASE_STRIP = NO;
				DEBUG_INFORMATION_FORMAT = "dwarf-with-dsym";
				ENABLE_NS_ASSERTIONS = NO;
				ENABLE_STRICT_OBJC_MSGSEND = YES;
				GCC_C_LANGUAGE_STANDARD = gnu11;
				GCC_NO_COMMON_BLOCKS = YES;
				GCC_WARN_64_TO_32_BIT_CONVERSION = YES;
				GCC_WARN_ABOUT_RETURN_TYPE = YES_ERROR;
				GCC_WARN_UNDECLARED_SELECTOR = YES;
				GCC_WARN_UNINITIALIZED_AUTOS = YES_AGGRESSIVE;
				GCC_WARN_UNUSED_FUNCTION = YES;
				GCC_WARN_UNUSED_VARIABLE = YES;
				IPHONEOS_DEPLOYMENT_TARGET = 14.4;
				MTL_ENABLE_DEBUG_INFO = NO;
				MTL_FAST_MATH = YES;
				SDKROOT = iphoneos;
				SWIFT_COMPILATION_MODE = wholemodule;
				SWIFT_OPTIMIZATION_LEVEL = "-O";
				VALIDATE_PRODUCT = YES;
			};
			name = Release;
		};
		ED474EB32630CA3D00FA699E /* Debug */ = {
			isa = XCBuildConfiguration;
			buildSettings = {
				ASSETCATALOG_COMPILER_APPICON_NAME = AppIcon;
				ASSETCATALOG_COMPILER_GLOBAL_ACCENT_COLOR_NAME = AccentColor;
				CODE_SIGN_STYLE = Automatic;
				DEVELOPMENT_TEAM = JY27D72757;
				INFOPLIST_FILE = Toy_AppDevPart1/Info.plist;
				LD_RUNPATH_SEARCH_PATHS = (
					"$(inherited)",
					"@executable_path/Frameworks",
				);
				PRODUCT_BUNDLE_IDENTIFIER = "com.JeonBest.Toy-AppDevPart1";
				PRODUCT_NAME = "$(TARGET_NAME)";
				SWIFT_VERSION = 5.0;
				TARGETED_DEVICE_FAMILY = "1,2";
			};
			name = Debug;
		};
		ED474EB42630CA3D00FA699E /* Release */ = {
			isa = XCBuildConfiguration;
			buildSettings = {
				ASSETCATALOG_COMPILER_APPICON_NAME = AppIcon;
				ASSETCATALOG_COMPILER_GLOBAL_ACCENT_COLOR_NAME = AccentColor;
				CODE_SIGN_STYLE = Automatic;
				DEVELOPMENT_TEAM = JY27D72757;
				INFOPLIST_FILE = Toy_AppDevPart1/Info.plist;
				LD_RUNPATH_SEARCH_PATHS = (
					"$(inherited)",
					"@executable_path/Frameworks",
				);
				PRODUCT_BUNDLE_IDENTIFIER = "com.JeonBest.Toy-AppDevPart1";
				PRODUCT_NAME = "$(TARGET_NAME)";
				SWIFT_VERSION = 5.0;
				TARGETED_DEVICE_FAMILY = "1,2";
			};
			name = Release;
		};
/* End XCBuildConfiguration section */

/* Begin XCConfigurationList section */
		ED474E992630CA3A00FA699E /* Build configuration list for PBXProject "Toy_AppDevPart1" */ = {
			isa = XCConfigurationList;
			buildConfigurations = (
				ED474EB02630CA3D00FA699E /* Debug */,
				ED474EB12630CA3D00FA699E /* Release */,
			);
			defaultConfigurationIsVisible = 0;
			defaultConfigurationName = Release;
		};
		ED474EB22630CA3D00FA699E /* Build configuration list for PBXNativeTarget "Toy_AppDevPart1" */ = {
			isa = XCConfigurationList;
			buildConfigurations = (
				ED474EB32630CA3D00FA699E /* Debug */,
				ED474EB42630CA3D00FA699E /* Release */,
			);
			defaultConfigurationIsVisible = 0;
			defaultConfigurationName = Release;
		};
/* End XCConfigurationList section */
	};
	rootObject = ED474E962630CA3A00FA699E /* Project object */;
}
