// !$*UTF8*$!
{
	archiveVersion = 1;
	classes = {
	};
	objectVersion = 50;
	objects = {

/* Begin PBXBuildFile section */
		ED667FA6263AA765007D8225 /* AppDelegate.swift in Sources */ = {isa = PBXBuildFile; fileRef = ED667FA5263AA765007D8225 /* AppDelegate.swift */; };
		ED667FA8263AA765007D8225 /* SceneDelegate.swift in Sources */ = {isa = PBXBuildFile; fileRef = ED667FA7263AA765007D8225 /* SceneDelegate.swift */; };
		ED667FAA263AA765007D8225 /* ViewController.swift in Sources */ = {isa = PBXBuildFile; fileRef = ED667FA9263AA765007D8225 /* ViewController.swift */; };
		ED667FAD263AA765007D8225 /* Main.storyboard in Resources */ = {isa = PBXBuildFile; fileRef = ED667FAB263AA765007D8225 /* Main.storyboard */; };
		ED667FAF263AA768007D8225 /* Assets.xcassets in Resources */ = {isa = PBXBuildFile; fileRef = ED667FAE263AA768007D8225 /* Assets.xcassets */; };
		ED667FB2263AA768007D8225 /* LaunchScreen.storyboard in Resources */ = {isa = PBXBuildFile; fileRef = ED667FB0263AA768007D8225 /* LaunchScreen.storyboard */; };
		ED667FBB263AA799007D8225 /* movies.plist in Resources */ = {isa = PBXBuildFile; fileRef = ED667FBA263AA799007D8225 /* movies.plist */; };
/* End PBXBuildFile section */

/* Begin PBXFileReference section */
		ED667FA2263AA765007D8225 /* Toy_DataBundle.app */ = {isa = PBXFileReference; explicitFileType = wrapper.application; includeInIndex = 0; path = Toy_DataBundle.app; sourceTree = BUILT_PRODUCTS_DIR; };
		ED667FA5263AA765007D8225 /* AppDelegate.swift */ = {isa = PBXFileReference; lastKnownFileType = sourcecode.swift; path = AppDelegate.swift; sourceTree = "<group>"; };
		ED667FA7263AA765007D8225 /* SceneDelegate.swift */ = {isa = PBXFileReference; lastKnownFileType = sourcecode.swift; path = SceneDelegate.swift; sourceTree = "<group>"; };
		ED667FA9263AA765007D8225 /* ViewController.swift */ = {isa = PBXFileReference; lastKnownFileType = sourcecode.swift; path = ViewController.swift; sourceTree = "<group>"; };
		ED667FAC263AA765007D8225 /* Base */ = {isa = PBXFileReference; lastKnownFileType = file.storyboard; name = Base; path = Base.lproj/Main.storyboard; sourceTree = "<group>"; };
		ED667FAE263AA768007D8225 /* Assets.xcassets */ = {isa = PBXFileReference; lastKnownFileType = folder.assetcatalog; path = Assets.xcassets; sourceTree = "<group>"; };
		ED667FB1263AA768007D8225 /* Base */ = {isa = PBXFileReference; lastKnownFileType = file.storyboard; name = Base; path = Base.lproj/LaunchScreen.storyboard; sourceTree = "<group>"; };
		ED667FB3263AA768007D8225 /* Info.plist */ = {isa = PBXFileReference; lastKnownFileType = text.plist.xml; path = Info.plist; sourceTree = "<group>"; };
		ED667FBA263AA799007D8225 /* movies.plist */ = {isa = PBXFileReference; lastKnownFileType = text.plist.xml; path = movies.plist; sourceTree = "<group>"; };
/* End PBXFileReference section */

/* Begin PBXFrameworksBuildPhase section */
		ED667F9F263AA765007D8225 /* Frameworks */ = {
			isa = PBXFrameworksBuildPhase;
			buildActionMask = 2147483647;
			files = (
			);
			runOnlyForDeploymentPostprocessing = 0;
		};
/* End PBXFrameworksBuildPhase section */

/* Begin PBXGroup section */
		ED667F99263AA765007D8225 = {
			isa = PBXGroup;
			children = (
				ED667FA4263AA765007D8225 /* Toy_DataBundle */,
				ED667FA3263AA765007D8225 /* Products */,
			);
			sourceTree = "<group>";
		};
		ED667FA3263AA765007D8225 /* Products */ = {
			isa = PBXGroup;
			children = (
				ED667FA2263AA765007D8225 /* Toy_DataBundle.app */,
			);
			name = Products;
			sourceTree = "<group>";
		};
		ED667FA4263AA765007D8225 /* Toy_DataBundle */ = {
			isa = PBXGroup;
			children = (
				ED667FA5263AA765007D8225 /* AppDelegate.swift */,
				ED667FA7263AA765007D8225 /* SceneDelegate.swift */,
				ED667FA9263AA765007D8225 /* ViewController.swift */,
				ED667FAB263AA765007D8225 /* Main.storyboard */,
				ED667FAE263AA768007D8225 /* Assets.xcassets */,
				ED667FB0263AA768007D8225 /* LaunchScreen.storyboard */,
				ED667FB3263AA768007D8225 /* Info.plist */,
				ED667FBA263AA799007D8225 /* movies.plist */,
			);
			path = Toy_DataBundle;
			sourceTree = "<group>";
		};
/* End PBXGroup section */

/* Begin PBXNativeTarget section */
		ED667FA1263AA765007D8225 /* Toy_DataBundle */ = {
			isa = PBXNativeTarget;
			buildConfigurationList = ED667FB6263AA768007D8225 /* Build configuration list for PBXNativeTarget "Toy_DataBundle" */;
			buildPhases = (
				ED667F9E263AA765007D8225 /* Sources */,
				ED667F9F263AA765007D8225 /* Frameworks */,
				ED667FA0263AA765007D8225 /* Resources */,
			);
			buildRules = (
			);
			dependencies = (
			);
			name = Toy_DataBundle;
			productName = Toy_DataBundle;
			productReference = ED667FA2263AA765007D8225 /* Toy_DataBundle.app */;
			productType = "com.apple.product-type.application";
		};
/* End PBXNativeTarget section */

/* Begin PBXProject section */
		ED667F9A263AA765007D8225 /* Project object */ = {
			isa = PBXProject;
			attributes = {
				LastSwiftUpdateCheck = 1240;
				LastUpgradeCheck = 1240;
				TargetAttributes = {
					ED667FA1263AA765007D8225 = {
						CreatedOnToolsVersion = 12.4;
					};
				};
			};
			buildConfigurationList = ED667F9D263AA765007D8225 /* Build configuration list for PBXProject "Toy_DataBundle" */;
			compatibilityVersion = "Xcode 9.3";
			developmentRegion = en;
			hasScannedForEncodings = 0;
			knownRegions = (
				en,
				Base,
			);
			mainGroup = ED667F99263AA765007D8225;
			productRefGroup = ED667FA3263AA765007D8225 /* Products */;
			projectDirPath = "";
			projectRoot = "";
			targets = (
				ED667FA1263AA765007D8225 /* Toy_DataBundle */,
			);
		};
/* End PBXProject section */

/* Begin PBXResourcesBuildPhase section */
		ED667FA0263AA765007D8225 /* Resources */ = {
			isa = PBXResourcesBuildPhase;
			buildActionMask = 2147483647;
			files = (
				ED667FB2263AA768007D8225 /* LaunchScreen.storyboard in Resources */,
				ED667FBB263AA799007D8225 /* movies.plist in Resources */,
				ED667FAF263AA768007D8225 /* Assets.xcassets in Resources */,
				ED667FAD263AA765007D8225 /* Main.storyboard in Resources */,
			);
			runOnlyForDeploymentPostprocessing = 0;
		};
/* End PBXResourcesBuildPhase section */

/* Begin PBXSourcesBuildPhase section */
		ED667F9E263AA765007D8225 /* Sources */ = {
			isa = PBXSourcesBuildPhase;
			buildActionMask = 2147483647;
			files = (
				ED667FAA263AA765007D8225 /* ViewController.swift in Sources */,
				ED667FA6263AA765007D8225 /* AppDelegate.swift in Sources */,
				ED667FA8263AA765007D8225 /* SceneDelegate.swift in Sources */,
			);
			runOnlyForDeploymentPostprocessing = 0;
		};
/* End PBXSourcesBuildPhase section */

/* Begin PBXVariantGroup section */
		ED667FAB263AA765007D8225 /* Main.storyboard */ = {
			isa = PBXVariantGroup;
			children = (
				ED667FAC263AA765007D8225 /* Base */,
			);
			name = Main.storyboard;
			sourceTree = "<group>";
		};
		ED667FB0263AA768007D8225 /* LaunchScreen.storyboard */ = {
			isa = PBXVariantGroup;
			children = (
				ED667FB1263AA768007D8225 /* Base */,
			);
			name = LaunchScreen.storyboard;
			sourceTree = "<group>";
		};
/* End PBXVariantGroup section */

/* Begin XCBuildConfiguration section */
		ED667FB4263AA768007D8225 /* Debug */ = {
			isa = XCBuildConfiguration;
			buildSettings = {
				ALWAYS_SEARCH_USER_PATHS = NO;
				CLANG_ANALYZER_NONNULL = YES;
				CLANG_ANALYZER_NUMBER_OBJECT_CONVERSION = YES_AGGRESSIVE;
				CLANG_CXX_LANGUAGE_STANDARD = "gnu++14";
				CLANG_CXX_LIBRARY = "libc++";
				CLANG_ENABLE_MODULES = YES;
				CLANG_ENABLE_OBJC_ARC = YES;
				CLANG_ENABLE_OBJC_WEAK = YES;
				CLANG_WARN_BLOCK_CAPTURE_AUTORELEASING = YES;
				CLANG_WARN_BOOL_CONVERSION = YES;
				CLANG_WARN_COMMA = YES;
				CLANG_WARN_CONSTANT_CONVERSION = YES;
				CLANG_WARN_DEPRECATED_OBJC_IMPLEMENTATIONS = YES;
				CLANG_WARN_DIRECT_OBJC_ISA_USAGE = YES_ERROR;
				CLANG_WARN_DOCUMENTATION_COMMENTS = YES;
				CLANG_WARN_EMPTY_BODY = YES;
				CLANG_WARN_ENUM_CONVERSION = YES;
				CLANG_WARN_INFINITE_RECURSION = YES;
				CLANG_WARN_INT_CONVERSION = YES;
				CLANG_WARN_NON_LITERAL_NULL_CONVERSION = YES;
				CLANG_WARN_OBJC_IMPLICIT_RETAIN_SELF = YES;
				CLANG_WARN_OBJC_LITERAL_CONVERSION = YES;
				CLANG_WARN_OBJC_ROOT_CLASS = YES_ERROR;
				CLANG_WARN_QUOTED_INCLUDE_IN_FRAMEWORK_HEADER = YES;
				CLANG_WARN_RANGE_LOOP_ANALYSIS = YES;
				CLANG_WARN_STRICT_PROTOTYPES = YES;
				CLANG_WARN_SUSPICIOUS_MOVE = YES;
				CLANG_WARN_UNGUARDED_AVAILABILITY = YES_AGGRESSIVE;
				CLANG_WARN_UNREACHABLE_CODE = YES;
				CLANG_WARN__DUPLICATE_METHOD_MATCH = YES;
				COPY_PHASE_STRIP = NO;
				DEBUG_INFORMATION_FORMAT = dwarf;
				ENABLE_STRICT_OBJC_MSGSEND = YES;
				ENABLE_TESTABILITY = YES;
				GCC_C_LANGUAGE_STANDARD = gnu11;
				GCC_DYNAMIC_NO_PIC = NO;
				GCC_NO_COMMON_BLOCKS = YES;
				GCC_OPTIMIZATION_LEVEL = 0;
				GCC_PREPROCESSOR_DEFINITIONS = (
					"DEBUG=1",
					"$(inherited)",
				);
				GCC_WARN_64_TO_32_BIT_CONVERSION = YES;
				GCC_WARN_ABOUT_RETURN_TYPE = YES_ERROR;
				GCC_WARN_UNDECLARED_SELECTOR = YES;
				GCC_WARN_UNINITIALIZED_AUTOS = YES_AGGRESSIVE;
				GCC_WARN_UNUSED_FUNCTION = YES;
				GCC_WARN_UNUSED_VARIABLE = YES;
				IPHONEOS_DEPLOYMENT_TARGET = 14.4;
				MTL_ENABLE_DEBUG_INFO = INCLUDE_SOURCE;
				MTL_FAST_MATH = YES;
				ONLY_ACTIVE_ARCH = YES;
				SDKROOT = iphoneos;
				SWIFT_ACTIVE_COMPILATION_CONDITIONS = DEBUG;
				SWIFT_OPTIMIZATION_LEVEL = "-Onone";
			};
			name = Debug;
		};
		ED667FB5263AA768007D8225 /* Release */ = {
			isa = XCBuildConfiguration;
			buildSettings = {
				ALWAYS_SEARCH_USER_PATHS = NO;
				CLANG_ANALYZER_NONNULL = YES;
				CLANG_ANALYZER_NUMBER_OBJECT_CONVERSION = YES_AGGRESSIVE;
				CLANG_CXX_LANGUAGE_STANDARD = "gnu++14";
				CLANG_CXX_LIBRARY = "libc++";
				CLANG_ENABLE_MODULES = YES;
				CLANG_ENABLE_OBJC_ARC = YES;
				CLANG_ENABLE_OBJC_WEAK = YES;
				CLANG_WARN_BLOCK_CAPTURE_AUTORELEASING = YES;
				CLANG_WARN_BOOL_CONVERSION = YES;
				CLANG_WARN_COMMA = YES;
				CLANG_WARN_CONSTANT_CONVERSION = YES;
				CLANG_WARN_DEPRECATED_OBJC_IMPLEMENTATIONS = YES;
				CLANG_WARN_DIRECT_OBJC_ISA_USAGE = YES_ERROR;
				CLANG_WARN_DOCUMENTATION_COMMENTS = YES;
				CLANG_WARN_EMPTY_BODY = YES;
				CLANG_WARN_ENUM_CONVERSION = YES;
				CLANG_WARN_INFINITE_RECURSION = YES;
				CLANG_WARN_INT_CONVERSION = YES;
				CLANG_WARN_NON_LITERAL_NULL_CONVERSION = YES;
				CLANG_WARN_OBJC_IMPLICIT_RETAIN_SELF = YES;
				CLANG_WARN_OBJC_LITERAL_CONVERSION = YES;
				CLANG_WARN_OBJC_ROOT_CLASS = YES_ERROR;
				CLANG_WARN_QUOTED_INCLUDE_IN_FRAMEWORK_HEADER = YES;
				CLANG_WARN_RANGE_LOOP_ANALYSIS = YES;
				CLANG_WARN_STRICT_PROTOTYPES = YES;
				CLANG_WARN_SUSPICIOUS_MOVE = YES;
				CLANG_WARN_UNGUARDED_AVAILABILITY = YES_AGGRESSIVE;
				CLANG_WARN_UNREACHABLE_CODE = YES;
				CLANG_WARN__DUPLICATE_METHOD_MATCH = YES;
				COPY_PHASE_STRIP = NO;
				DEBUG_INFORMATION_FORMAT = "dwarf-with-dsym";
				ENABLE_NS_ASSERTIONS = NO;
				ENABLE_STRICT_OBJC_MSGSEND = YES;
				GCC_C_LANGUAGE_STANDARD = gnu11;
				GCC_NO_COMMON_BLOCKS = YES;
				GCC_WARN_64_TO_32_BIT_CONVERSION = YES;
				GCC_WARN_ABOUT_RETURN_TYPE = YES_ERROR;
				GCC_WARN_UNDECLARED_SELECTOR = YES;
				GCC_WARN_UNINITIALIZED_AUTOS = YES_AGGRESSIVE;
				GCC_WARN_UNUSED_FUNCTION = YES;
				GCC_WARN_UNUSED_VARIABLE = YES;
				IPHONEOS_DEPLOYMENT_TARGET = 14.4;
				MTL_ENABLE_DEBUG_INFO = NO;
				MTL_FAST_MATH = YES;
				SDKROOT = iphoneos;
				SWIFT_COMPILATION_MODE = wholemodule;
				SWIFT_OPTIMIZATION_LEVEL = "-O";
				VALIDATE_PRODUCT = YES;
			};
			name = Release;
		};
		ED667FB7263AA768007D8225 /* Debug */ = {
			isa = XCBuildConfiguration;
			buildSettings = {
				ASSETCATALOG_COMPILER_APPICON_NAME = AppIcon;
				ASSETCATALOG_COMPILER_GLOBAL_ACCENT_COLOR_NAME = AccentColor;
				CODE_SIGN_STYLE = Automatic;
				DEVELOPMENT_TEAM = JY27D72757;
				INFOPLIST_FILE = Toy_DataBundle/Info.plist;
				LD_RUNPATH_SEARCH_PATHS = (
					"$(inherited)",
					"@executable_path/Frameworks",
				);
				PRODUCT_BUNDLE_IDENTIFIER = "com.JeonBest.Toy-DataBundle";
				PRODUCT_NAME = "$(TARGET_NAME)";
				SWIFT_VERSION = 5.0;
				TARGETED_DEVICE_FAMILY = "1,2";
			};
			name = Debug;
		};
		ED667FB8263AA768007D8225 /* Release */ = {
			isa = XCBuildConfiguration;
			buildSettings = {
				ASSETCATALOG_COMPILER_APPICON_NAME = AppIcon;
				ASSETCATALOG_COMPILER_GLOBAL_ACCENT_COLOR_NAME = AccentColor;
				CODE_SIGN_STYLE = Automatic;
				DEVELOPMENT_TEAM = JY27D72757;
				INFOPLIST_FILE = Toy_DataBundle/Info.plist;
				LD_RUNPATH_SEARCH_PATHS = (
					"$(inherited)",
					"@executable_path/Frameworks",
				);
				PRODUCT_BUNDLE_IDENTIFIER = "com.JeonBest.Toy-DataBundle";
				PRODUCT_NAME = "$(TARGET_NAME)";
				SWIFT_VERSION = 5.0;
				TARGETED_DEVICE_FAMILY = "1,2";
			};
			name = Release;
		};
/* End XCBuildConfiguration section */

/* Begin XCConfigurationList section */
		ED667F9D263AA765007D8225 /* Build configuration list for PBXProject "Toy_DataBundle" */ = {
			isa = XCConfigurationList;
			buildConfigurations = (
				ED667FB4263AA768007D8225 /* Debug */,
				ED667FB5263AA768007D8225 /* Release */,
			);
			defaultConfigurationIsVisible = 0;
			defaultConfigurationName = Release;
		};
		ED667FB6263AA768007D8225 /* Build configuration list for PBXNativeTarget "Toy_DataBundle" */ = {
			isa = XCConfigurationList;
			buildConfigurations = (
				ED667FB7263AA768007D8225 /* Debug */,
				ED667FB8263AA768007D8225 /* Release */,
			);
			defaultConfigurationIsVisible = 0;
			defaultConfigurationName = Release;
		};
/* End XCConfigurationList section */
	};
	rootObject = ED667F9A263AA765007D8225 /* Project object */;
}
